
Microsoft Visual Studio Solution File, Format Version 12.00
# Visual Studio 15
VisualStudioVersion = 15.0.25920.0
MinimumVisualStudioVersion = 10.0.40219.1
Project("{9A19103F-16F7-4668-BE54-9A1E7A4F7556}") = "AsyncActionScheduler", "AsyncActionScheduler\AsyncActionScheduler.csproj", "{B6640E96-CABA-405E-AE31-1D49D13E8C97}"
EndProject
Project("{9A19103F-16F7-4668-BE54-9A1E7A4F7556}") = "UnitTest.AsyncActionScheduler", "UnitTest.AsyncActionScheduler\UnitTest.AsyncActionScheduler.csproj", "{7433CBD7-F605-40E7-883B-D7D7A461E8CA}"
EndProject
Global
	GlobalSection(SolutionConfigurationPlatforms) = preSolution
		Debug|Any CPU = Debug|Any CPU
		Release|Any CPU = Release|Any CPU
	EndGlobalSection
	GlobalSection(ProjectConfigurationPlatforms) = postSolution
		{B6640E96-CABA-405E-AE31-1D49D13E8C97}.Debug|Any CPU.ActiveCfg = Debug|Any CPU
		{B6640E96-CABA-405E-AE31-1D49D13E8C97}.Debug|Any CPU.Build.0 = Debug|Any CPU
		{B6640E96-CABA-405E-AE31-1D49D13E8C97}.Release|Any CPU.ActiveCfg = Release|Any CPU
		{B6640E96-CABA-405E-AE31-1D49D13E8C97}.Release|Any CPU.Build.0 = Release|Any CPU
		{7433CBD7-F605-40E7-883B-D7D7A461E8CA}.Debug|Any CPU.ActiveCfg = Debug|Any CPU
		{7433CBD7-F605-40E7-883B-D7D7A461E8CA}.Debug|Any CPU.Build.0 = Debug|Any CPU
		{7433CBD7-F605-40E7-883B-D7D7A461E8CA}.Release|Any CPU.ActiveCfg = Release|Any CPU
		{7433CBD7-F605-40E7-883B-D7D7A461E8CA}.Release|Any CPU.Build.0 = Release|Any CPU
	EndGlobalSection
	GlobalSection(SolutionProperties) = preSolution
		HideSolutionNode = FALSE
	EndGlobalSection
	GlobalSection(ExtensibilityGlobals) = postSolution
		SolutionGuid = {67C316E3-97EF-43FD-8A85-6C7E12873DA2}
	EndGlobalSection
EndGlobal
